// !$*UTF8*$!
{
	archiveVersion = 1;
	classes = {
	};
	objectVersion = 50;
	objects = {

/* Begin PBXBuildFile section */
		E444E4F725192ADE0098B2C8 /* Free_Trial_Page.swift in Sources */ = {isa = PBXBuildFile; fileRef = E444E4F625192ADE0098B2C8 /* Free_Trial_Page.swift */; };
		E48926CD2518F03800471ED4 /* AppDelegate.swift in Sources */ = {isa = PBXBuildFile; fileRef = E48926CC2518F03800471ED4 /* AppDelegate.swift */; };
		E48926CF2518F03800471ED4 /* SceneDelegate.swift in Sources */ = {isa = PBXBuildFile; fileRef = E48926CE2518F03800471ED4 /* SceneDelegate.swift */; };
		E48926D12518F03800471ED4 /* ViewController.swift in Sources */ = {isa = PBXBuildFile; fileRef = E48926D02518F03800471ED4 /* ViewController.swift */; };
		E48926D42518F03800471ED4 /* Main.storyboard in Resources */ = {isa = PBXBuildFile; fileRef = E48926D22518F03800471ED4 /* Main.storyboard */; };
		E48926D62518F03A00471ED4 /* Assets.xcassets in Resources */ = {isa = PBXBuildFile; fileRef = E48926D52518F03A00471ED4 /* Assets.xcassets */; };
		E48926D92518F03A00471ED4 /* LaunchScreen.storyboard in Resources */ = {isa = PBXBuildFile; fileRef = E48926D72518F03A00471ED4 /* LaunchScreen.storyboard */; };
		E48926E42518F03A00471ED4 /* ShvaasTests.swift in Sources */ = {isa = PBXBuildFile; fileRef = E48926E32518F03A00471ED4 /* ShvaasTests.swift */; };
		E48926EF2518F03A00471ED4 /* ShvaasUITests.swift in Sources */ = {isa = PBXBuildFile; fileRef = E48926EE2518F03A00471ED4 /* ShvaasUITests.swift */; };
/* End PBXBuildFile section */

/* Begin PBXContainerItemProxy section */
		E48926E02518F03A00471ED4 /* PBXContainerItemProxy */ = {
			isa = PBXContainerItemProxy;
			containerPortal = E48926C12518F03800471ED4 /* Project object */;
			proxyType = 1;
			remoteGlobalIDString = E48926C82518F03800471ED4;
			remoteInfo = Shvaas;
		};
		E48926EB2518F03A00471ED4 /* PBXContainerItemProxy */ = {
			isa = PBXContainerItemProxy;
			containerPortal = E48926C12518F03800471ED4 /* Project object */;
			proxyType = 1;
			remoteGlobalIDString = E48926C82518F03800471ED4;
			remoteInfo = Shvaas;
		};
/* End PBXContainerItemProxy section */

/* Begin PBXFileReference section */
		E444E4F625192ADE0098B2C8 /* Free_Trial_Page.swift */ = {isa = PBXFileReference; lastKnownFileType = sourcecode.swift; path = Free_Trial_Page.swift; sourceTree = "<group>"; };
		E48926C92518F03800471ED4 /* Shvaas.app */ = {isa = PBXFileReference; explicitFileType = wrapper.application; includeInIndex = 0; path = Shvaas.app; sourceTree = BUILT_PRODUCTS_DIR; };
		E48926CC2518F03800471ED4 /* AppDelegate.swift */ = {isa = PBXFileReference; lastKnownFileType = sourcecode.swift; path = AppDelegate.swift; sourceTree = "<group>"; };
		E48926CE2518F03800471ED4 /* SceneDelegate.swift */ = {isa = PBXFileReference; lastKnownFileType = sourcecode.swift; path = SceneDelegate.swift; sourceTree = "<group>"; };
		E48926D02518F03800471ED4 /* ViewController.swift */ = {isa = PBXFileReference; lastKnownFileType = sourcecode.swift; path = ViewController.swift; sourceTree = "<group>"; };
		E48926D32518F03800471ED4 /* Base */ = {isa = PBXFileReference; lastKnownFileType = file.storyboard; name = Base; path = Base.lproj/Main.storyboard; sourceTree = "<group>"; };
		E48926D52518F03A00471ED4 /* Assets.xcassets */ = {isa = PBXFileReference; lastKnownFileType = folder.assetcatalog; path = Assets.xcassets; sourceTree = "<group>"; };
		E48926D82518F03A00471ED4 /* Base */ = {isa = PBXFileReference; lastKnownFileType = file.storyboard; name = Base; path = Base.lproj/LaunchScreen.storyboard; sourceTree = "<group>"; };
		E48926DA2518F03A00471ED4 /* Info.plist */ = {isa = PBXFileReference; lastKnownFileType = text.plist.xml; path = Info.plist; sourceTree = "<group>"; };
		E48926DF2518F03A00471ED4 /* ShvaasTests.xctest */ = {isa = PBXFileReference; explicitFileType = wrapper.cfbundle; includeInIndex = 0; path = ShvaasTests.xctest; sourceTree = BUILT_PRODUCTS_DIR; };
		E48926E32518F03A00471ED4 /* ShvaasTests.swift */ = {isa = PBXFileReference; lastKnownFileType = sourcecode.swift; path = ShvaasTests.swift; sourceTree = "<group>"; };
		E48926E52518F03A00471ED4 /* Info.plist */ = {isa = PBXFileReference; lastKnownFileType = text.plist.xml; path = Info.plist; sourceTree = "<group>"; };
		E48926EA2518F03A00471ED4 /* ShvaasUITests.xctest */ = {isa = PBXFileReference; explicitFileType = wrapper.cfbundle; includeInIndex = 0; path = ShvaasUITests.xctest; sourceTree = BUILT_PRODUCTS_DIR; };
		E48926EE2518F03A00471ED4 /* ShvaasUITests.swift */ = {isa = PBXFileReference; lastKnownFileType = sourcecode.swift; path = ShvaasUITests.swift; sourceTree = "<group>"; };
		E48926F02518F03A00471ED4 /* Info.plist */ = {isa = PBXFileReference; lastKnownFileType = text.plist.xml; path = Info.plist; sourceTree = "<group>"; };
/* End PBXFileReference section */

/* Begin PBXFrameworksBuildPhase section */
		E48926C62518F03800471ED4 /* Frameworks */ = {
			isa = PBXFrameworksBuildPhase;
			buildActionMask = 2147483647;
			files = (
			);
			runOnlyForDeploymentPostprocessing = 0;
		};
		E48926DC2518F03A00471ED4 /* Frameworks */ = {
			isa = PBXFrameworksBuildPhase;
			buildActionMask = 2147483647;
			files = (
			);
			runOnlyForDeploymentPostprocessing = 0;
		};
		E48926E72518F03A00471ED4 /* Frameworks */ = {
			isa = PBXFrameworksBuildPhase;
			buildActionMask = 2147483647;
			files = (
			);
			runOnlyForDeploymentPostprocessing = 0;
		};
/* End PBXFrameworksBuildPhase section */

/* Begin PBXGroup section */
		E48926C02518F03800471ED4 = {
			isa = PBXGroup;
			children = (
				E48926CB2518F03800471ED4 /* Shvaas */,
				E48926E22518F03A00471ED4 /* ShvaasTests */,
				E48926ED2518F03A00471ED4 /* ShvaasUITests */,
				E48926CA2518F03800471ED4 /* Products */,
			);
			sourceTree = "<group>";
		};
		E48926CA2518F03800471ED4 /* Products */ = {
			isa = PBXGroup;
			children = (
				E48926C92518F03800471ED4 /* Shvaas.app */,
				E48926DF2518F03A00471ED4 /* ShvaasTests.xctest */,
				E48926EA2518F03A00471ED4 /* ShvaasUITests.xctest */,
			);
			name = Products;
			sourceTree = "<group>";
		};
		E48926CB2518F03800471ED4 /* Shvaas */ = {
			isa = PBXGroup;
			children = (
				E48926CC2518F03800471ED4 /* AppDelegate.swift */,
				E48926CE2518F03800471ED4 /* SceneDelegate.swift */,
				E48926D02518F03800471ED4 /* ViewController.swift */,
				E444E4F625192ADE0098B2C8 /* Free_Trial_Page.swift */,
				E48926D22518F03800471ED4 /* Main.storyboard */,
				E48926D52518F03A00471ED4 /* Assets.xcassets */,
				E48926D72518F03A00471ED4 /* LaunchScreen.storyboard */,
				E48926DA2518F03A00471ED4 /* Info.plist */,
			);
			path = Shvaas;
			sourceTree = "<group>";
		};
		E48926E22518F03A00471ED4 /* ShvaasTests */ = {
			isa = PBXGroup;
			children = (
				E48926E32518F03A00471ED4 /* ShvaasTests.swift */,
				E48926E52518F03A00471ED4 /* Info.plist */,
			);
			path = ShvaasTests;
			sourceTree = "<group>";
		};
		E48926ED2518F03A00471ED4 /* ShvaasUITests */ = {
			isa = PBXGroup;
			children = (
				E48926EE2518F03A00471ED4 /* ShvaasUITests.swift */,
				E48926F02518F03A00471ED4 /* Info.plist */,
			);
			path = ShvaasUITests;
			sourceTree = "<group>";
		};
/* End PBXGroup section */

/* Begin PBXNativeTarget section */
		E48926C82518F03800471ED4 /* Shvaas */ = {
			isa = PBXNativeTarget;
			buildConfigurationList = E48926F32518F03A00471ED4 /* Build configuration list for PBXNativeTarget "Shvaas" */;
			buildPhases = (
				E48926C52518F03800471ED4 /* Sources */,
				E48926C62518F03800471ED4 /* Frameworks */,
				E48926C72518F03800471ED4 /* Resources */,
			);
			buildRules = (
			);
			dependencies = (
			);
			name = Shvaas;
			productName = Shvaas;
			productReference = E48926C92518F03800471ED4 /* Shvaas.app */;
			productType = "com.apple.product-type.application";
		};
		E48926DE2518F03A00471ED4 /* ShvaasTests */ = {
			isa = PBXNativeTarget;
			buildConfigurationList = E48926F62518F03A00471ED4 /* Build configuration list for PBXNativeTarget "ShvaasTests" */;
			buildPhases = (
				E48926DB2518F03A00471ED4 /* Sources */,
				E48926DC2518F03A00471ED4 /* Frameworks */,
				E48926DD2518F03A00471ED4 /* Resources */,
			);
			buildRules = (
			);
			dependencies = (
				E48926E12518F03A00471ED4 /* PBXTargetDependency */,
			);
			name = ShvaasTests;
			productName = ShvaasTests;
			productReference = E48926DF2518F03A00471ED4 /* ShvaasTests.xctest */;
			productType = "com.apple.product-type.bundle.unit-test";
		};
		E48926E92518F03A00471ED4 /* ShvaasUITests */ = {
			isa = PBXNativeTarget;
			buildConfigurationList = E48926F92518F03A00471ED4 /* Build configuration list for PBXNativeTarget "ShvaasUITests" */;
			buildPhases = (
				E48926E62518F03A00471ED4 /* Sources */,
				E48926E72518F03A00471ED4 /* Frameworks */,
				E48926E82518F03A00471ED4 /* Resources */,
			);
			buildRules = (
			);
			dependencies = (
				E48926EC2518F03A00471ED4 /* PBXTargetDependency */,
			);
			name = ShvaasUITests;
			productName = ShvaasUITests;
			productReference = E48926EA2518F03A00471ED4 /* ShvaasUITests.xctest */;
			productType = "com.apple.product-type.bundle.ui-testing";
		};
/* End PBXNativeTarget section */

/* Begin PBXProject section */
		E48926C12518F03800471ED4 /* Project object */ = {
			isa = PBXProject;
			attributes = {
				LastSwiftUpdateCheck = 1200;
				LastUpgradeCheck = 1200;
				TargetAttributes = {
					E48926C82518F03800471ED4 = {
						CreatedOnToolsVersion = 12.0;
					};
					E48926DE2518F03A00471ED4 = {
						CreatedOnToolsVersion = 12.0;
						TestTargetID = E48926C82518F03800471ED4;
					};
					E48926E92518F03A00471ED4 = {
						CreatedOnToolsVersion = 12.0;
						TestTargetID = E48926C82518F03800471ED4;
					};
				};
			};
			buildConfigurationList = E48926C42518F03800471ED4 /* Build configuration list for PBXProject "Shvaas" */;
			compatibilityVersion = "Xcode 9.3";
			developmentRegion = en;
			hasScannedForEncodings = 0;
			knownRegions = (
				en,
				Base,
			);
			mainGroup = E48926C02518F03800471ED4;
			productRefGroup = E48926CA2518F03800471ED4 /* Products */;
			projectDirPath = "";
			projectRoot = "";
			targets = (
				E48926C82518F03800471ED4 /* Shvaas */,
				E48926DE2518F03A00471ED4 /* ShvaasTests */,
				E48926E92518F03A00471ED4 /* ShvaasUITests */,
			);
		};
/* End PBXProject section */

/* Begin PBXResourcesBuildPhase section */
		E48926C72518F03800471ED4 /* Resources */ = {
			isa = PBXResourcesBuildPhase;
			buildActionMask = 2147483647;
			files = (
				E48926D92518F03A00471ED4 /* LaunchScreen.storyboard in Resources */,
				E48926D62518F03A00471ED4 /* Assets.xcassets in Resources */,
				E48926D42518F03800471ED4 /* Main.storyboard in Resources */,
			);
			runOnlyForDeploymentPostprocessing = 0;
		};
		E48926DD2518F03A00471ED4 /* Resources */ = {
			isa = PBXResourcesBuildPhase;
			buildActionMask = 2147483647;
			files = (
			);
			runOnlyForDeploymentPostprocessing = 0;
		};
		E48926E82518F03A00471ED4 /* Resources */ = {
			isa = PBXResourcesBuildPhase;
			buildActionMask = 2147483647;
			files = (
			);
			runOnlyForDeploymentPostprocessing = 0;
		};
/* End PBXResourcesBuildPhase section */

/* Begin PBXSourcesBuildPhase section */
		E48926C52518F03800471ED4 /* Sources */ = {
			isa = PBXSourcesBuildPhase;
			buildActionMask = 2147483647;
			files = (
				E48926D12518F03800471ED4 /* ViewController.swift in Sources */,
				E444E4F725192ADE0098B2C8 /* Free_Trial_Page.swift in Sources */,
				E48926CD2518F03800471ED4 /* AppDelegate.swift in Sources */,
				E48926CF2518F03800471ED4 /* SceneDelegate.swift in Sources */,
			);
			runOnlyForDeploymentPostprocessing = 0;
		};
		E48926DB2518F03A00471ED4 /* Sources */ = {
			isa = PBXSourcesBuildPhase;
			buildActionMask = 2147483647;
			files = (
				E48926E42518F03A00471ED4 /* ShvaasTests.swift in Sources */,
			);
			runOnlyForDeploymentPostprocessing = 0;
		};
		E48926E62518F03A00471ED4 /* Sources */ = {
			isa = PBXSourcesBuildPhase;
			buildActionMask = 2147483647;
			files = (
				E48926EF2518F03A00471ED4 /* ShvaasUITests.swift in Sources */,
			);
			runOnlyForDeploymentPostprocessing = 0;
		};
/* End PBXSourcesBuildPhase section */

/* Begin PBXTargetDependency section */
		E48926E12518F03A00471ED4 /* PBXTargetDependency */ = {
			isa = PBXTargetDependency;
			target = E48926C82518F03800471ED4 /* Shvaas */;
			targetProxy = E48926E02518F03A00471ED4 /* PBXContainerItemProxy */;
		};
		E48926EC2518F03A00471ED4 /* PBXTargetDependency */ = {
			isa = PBXTargetDependency;
			target = E48926C82518F03800471ED4 /* Shvaas */;
			targetProxy = E48926EB2518F03A00471ED4 /* PBXContainerItemProxy */;
		};
/* End PBXTargetDependency section */

/* Begin PBXVariantGroup section */
		E48926D22518F03800471ED4 /* Main.storyboard */ = {
			isa = PBXVariantGroup;
			children = (
				E48926D32518F03800471ED4 /* Base */,
			);
			name = Main.storyboard;
			sourceTree = "<group>";
		};
		E48926D72518F03A00471ED4 /* LaunchScreen.storyboard */ = {
			isa = PBXVariantGroup;
			children = (
				E48926D82518F03A00471ED4 /* Base */,
			);
			name = LaunchScreen.storyboard;
			sourceTree = "<group>";
		};
/* End PBXVariantGroup section */

/* Begin XCBuildConfiguration section */
		E48926F12518F03A00471ED4 /* Debug */ = {
			isa = XCBuildConfiguration;
			buildSettings = {
				ALWAYS_SEARCH_USER_PATHS = NO;
				CLANG_ANALYZER_NONNULL = YES;
				CLANG_ANALYZER_NUMBER_OBJECT_CONVERSION = YES_AGGRESSIVE;
				CLANG_CXX_LANGUAGE_STANDARD = "gnu++14";
				CLANG_CXX_LIBRARY = "libc++";
				CLANG_ENABLE_MODULES = YES;
				CLANG_ENABLE_OBJC_ARC = YES;
				CLANG_ENABLE_OBJC_WEAK = YES;
				CLANG_WARN_BLOCK_CAPTURE_AUTORELEASING = YES;
				CLANG_WARN_BOOL_CONVERSION = YES;
				CLANG_WARN_COMMA = YES;
				CLANG_WARN_CONSTANT_CONVERSION = YES;
				CLANG_WARN_DEPRECATED_OBJC_IMPLEMENTATIONS = YES;
				CLANG_WARN_DIRECT_OBJC_ISA_USAGE = YES_ERROR;
				CLANG_WARN_DOCUMENTATION_COMMENTS = YES;
				CLANG_WARN_EMPTY_BODY = YES;
				CLANG_WARN_ENUM_CONVERSION = YES;
				CLANG_WARN_INFINITE_RECURSION = YES;
				CLANG_WARN_INT_CONVERSION = YES;
				CLANG_WARN_NON_LITERAL_NULL_CONVERSION = YES;
				CLANG_WARN_OBJC_IMPLICIT_RETAIN_SELF = YES;
				CLANG_WARN_OBJC_LITERAL_CONVERSION = YES;
				CLANG_WARN_OBJC_ROOT_CLASS = YES_ERROR;
				CLANG_WARN_QUOTED_INCLUDE_IN_FRAMEWORK_HEADER = YES;
				CLANG_WARN_RANGE_LOOP_ANALYSIS = YES;
				CLANG_WARN_STRICT_PROTOTYPES = YES;
				CLANG_WARN_SUSPICIOUS_MOVE = YES;
				CLANG_WARN_UNGUARDED_AVAILABILITY = YES_AGGRESSIVE;
				CLANG_WARN_UNREACHABLE_CODE = YES;
				CLANG_WARN__DUPLICATE_METHOD_MATCH = YES;
				COPY_PHASE_STRIP = NO;
				DEBUG_INFORMATION_FORMAT = dwarf;
				ENABLE_STRICT_OBJC_MSGSEND = YES;
				ENABLE_TESTABILITY = YES;
				GCC_C_LANGUAGE_STANDARD = gnu11;
				GCC_DYNAMIC_NO_PIC = NO;
				GCC_NO_COMMON_BLOCKS = YES;
				GCC_OPTIMIZATION_LEVEL = 0;
				GCC_PREPROCESSOR_DEFINITIONS = (
					"DEBUG=1",
					"$(inherited)",
				);
				GCC_WARN_64_TO_32_BIT_CONVERSION = YES;
				GCC_WARN_ABOUT_RETURN_TYPE = YES_ERROR;
				GCC_WARN_UNDECLARED_SELECTOR = YES;
				GCC_WARN_UNINITIALIZED_AUTOS = YES_AGGRESSIVE;
				GCC_WARN_UNUSED_FUNCTION = YES;
				GCC_WARN_UNUSED_VARIABLE = YES;
				IPHONEOS_DEPLOYMENT_TARGET = 14.0;
				MTL_ENABLE_DEBUG_INFO = INCLUDE_SOURCE;
				MTL_FAST_MATH = YES;
				ONLY_ACTIVE_ARCH = YES;
				SDKROOT = iphoneos;
				SWIFT_ACTIVE_COMPILATION_CONDITIONS = DEBUG;
				SWIFT_OPTIMIZATION_LEVEL = "-Onone";
			};
			name = Debug;
		};
		E48926F22518F03A00471ED4 /* Release */ = {
			isa = XCBuildConfiguration;
			buildSettings = {
				ALWAYS_SEARCH_USER_PATHS = NO;
				CLANG_ANALYZER_NONNULL = YES;
				CLANG_ANALYZER_NUMBER_OBJECT_CONVERSION = YES_AGGRESSIVE;
				CLANG_CXX_LANGUAGE_STANDARD = "gnu++14";
				CLANG_CXX_LIBRARY = "libc++";
				CLANG_ENABLE_MODULES = YES;
				CLANG_ENABLE_OBJC_ARC = YES;
				CLANG_ENABLE_OBJC_WEAK = YES;
				CLANG_WARN_BLOCK_CAPTURE_AUTORELEASING = YES;
				CLANG_WARN_BOOL_CONVERSION = YES;
				CLANG_WARN_COMMA = YES;
				CLANG_WARN_CONSTANT_CONVERSION = YES;
				CLANG_WARN_DEPRECATED_OBJC_IMPLEMENTATIONS = YES;
				CLANG_WARN_DIRECT_OBJC_ISA_USAGE = YES_ERROR;
				CLANG_WARN_DOCUMENTATION_COMMENTS = YES;
				CLANG_WARN_EMPTY_BODY = YES;
				CLANG_WARN_ENUM_CONVERSION = YES;
				CLANG_WARN_INFINITE_RECURSION = YES;
				CLANG_WARN_INT_CONVERSION = YES;
				CLANG_WARN_NON_LITERAL_NULL_CONVERSION = YES;
				CLANG_WARN_OBJC_IMPLICIT_RETAIN_SELF = YES;
				CLANG_WARN_OBJC_LITERAL_CONVERSION = YES;
				CLANG_WARN_OBJC_ROOT_CLASS = YES_ERROR;
				CLANG_WARN_QUOTED_INCLUDE_IN_FRAMEWORK_HEADER = YES;
				CLANG_WARN_RANGE_LOOP_ANALYSIS = YES;
				CLANG_WARN_STRICT_PROTOTYPES = YES;
				CLANG_WARN_SUSPICIOUS_MOVE = YES;
				CLANG_WARN_UNGUARDED_AVAILABILITY = YES_AGGRESSIVE;
				CLANG_WARN_UNREACHABLE_CODE = YES;
				CLANG_WARN__DUPLICATE_METHOD_MATCH = YES;
				COPY_PHASE_STRIP = NO;
				DEBUG_INFORMATION_FORMAT = "dwarf-with-dsym";
				ENABLE_NS_ASSERTIONS = NO;
				ENABLE_STRICT_OBJC_MSGSEND = YES;
				GCC_C_LANGUAGE_STANDARD = gnu11;
				GCC_NO_COMMON_BLOCKS = YES;
				GCC_WARN_64_TO_32_BIT_CONVERSION = YES;
				GCC_WARN_ABOUT_RETURN_TYPE = YES_ERROR;
				GCC_WARN_UNDECLARED_SELECTOR = YES;
				GCC_WARN_UNINITIALIZED_AUTOS = YES_AGGRESSIVE;
				GCC_WARN_UNUSED_FUNCTION = YES;
				GCC_WARN_UNUSED_VARIABLE = YES;
				IPHONEOS_DEPLOYMENT_TARGET = 14.0;
				MTL_ENABLE_DEBUG_INFO = NO;
				MTL_FAST_MATH = YES;
				SDKROOT = iphoneos;
				SWIFT_COMPILATION_MODE = wholemodule;
				SWIFT_OPTIMIZATION_LEVEL = "-O";
				VALIDATE_PRODUCT = YES;
			};
			name = Release;
		};
		E48926F42518F03A00471ED4 /* Debug */ = {
			isa = XCBuildConfiguration;
			buildSettings = {
				ASSETCATALOG_COMPILER_APPICON_NAME = AppIcon;
				ASSETCATALOG_COMPILER_GLOBAL_ACCENT_COLOR_NAME = AccentColor;
				CODE_SIGN_STYLE = Automatic;
				DEVELOPMENT_TEAM = M85J23QPNY;
				INFOPLIST_FILE = Shvaas/Info.plist;
				LD_RUNPATH_SEARCH_PATHS = (
					"$(inherited)",
					"@executable_path/Frameworks",
				);
				PRODUCT_BUNDLE_IDENTIFIER = "--.Shvaas";
				PRODUCT_NAME = "$(TARGET_NAME)";
				SWIFT_VERSION = 5.0;
				TARGETED_DEVICE_FAMILY = "1,2";
			};
			name = Debug;
		};
		E48926F52518F03A00471ED4 /* Release */ = {
			isa = XCBuildConfiguration;
			buildSettings = {
				ASSETCATALOG_COMPILER_APPICON_NAME = AppIcon;
				ASSETCATALOG_COMPILER_GLOBAL_ACCENT_COLOR_NAME = AccentColor;
				CODE_SIGN_STYLE = Automatic;
				DEVELOPMENT_TEAM = M85J23QPNY;
				INFOPLIST_FILE = Shvaas/Info.plist;
				LD_RUNPATH_SEARCH_PATHS = (
					"$(inherited)",
					"@executable_path/Frameworks",
				);
				PRODUCT_BUNDLE_IDENTIFIER = "--.Shvaas";
				PRODUCT_NAME = "$(TARGET_NAME)";
				SWIFT_VERSION = 5.0;
				TARGETED_DEVICE_FAMILY = "1,2";
			};
			name = Release;
		};
		E48926F72518F03A00471ED4 /* Debug */ = {
			isa = XCBuildConfiguration;
			buildSettings = {
				ALWAYS_EMBED_SWIFT_STANDARD_LIBRARIES = YES;
				BUNDLE_LOADER = "$(TEST_HOST)";
				CODE_SIGN_STYLE = Automatic;
				DEVELOPMENT_TEAM = M85J23QPNY;
				INFOPLIST_FILE = ShvaasTests/Info.plist;
				IPHONEOS_DEPLOYMENT_TARGET = 14.0;
				LD_RUNPATH_SEARCH_PATHS = (
					"$(inherited)",
					"@executable_path/Frameworks",
					"@loader_path/Frameworks",
				);
				PRODUCT_BUNDLE_IDENTIFIER = "--.ShvaasTests";
				PRODUCT_NAME = "$(TARGET_NAME)";
				SWIFT_VERSION = 5.0;
				TARGETED_DEVICE_FAMILY = "1,2";
				TEST_HOST = "$(BUILT_PRODUCTS_DIR)/Shvaas.app/Shvaas";
			};
			name = Debug;
		};
		E48926F82518F03A00471ED4 /* Release */ = {
			isa = XCBuildConfiguration;
			buildSettings = {
				ALWAYS_EMBED_SWIFT_STANDARD_LIBRARIES = YES;
				BUNDLE_LOADER = "$(TEST_HOST)";
				CODE_SIGN_STYLE = Automatic;
				DEVELOPMENT_TEAM = M85J23QPNY;
				INFOPLIST_FILE = ShvaasTests/Info.plist;
				IPHONEOS_DEPLOYMENT_TARGET = 14.0;
				LD_RUNPATH_SEARCH_PATHS = (
					"$(inherited)",
					"@executable_path/Frameworks",
					"@loader_path/Frameworks",
				);
				PRODUCT_BUNDLE_IDENTIFIER = "--.ShvaasTests";
				PRODUCT_NAME = "$(TARGET_NAME)";
				SWIFT_VERSION = 5.0;
				TARGETED_DEVICE_FAMILY = "1,2";
				TEST_HOST = "$(BUILT_PRODUCTS_DIR)/Shvaas.app/Shvaas";
			};
			name = Release;
		};
		E48926FA2518F03A00471ED4 /* Debug */ = {
			isa = XCBuildConfiguration;
			buildSettings = {
				ALWAYS_EMBED_SWIFT_STANDARD_LIBRARIES = YES;
				CODE_SIGN_STYLE = Automatic;
				DEVELOPMENT_TEAM = M85J23QPNY;
				INFOPLIST_FILE = ShvaasUITests/Info.plist;
				LD_RUNPATH_SEARCH_PATHS = (
					"$(inherited)",
					"@executable_path/Frameworks",
					"@loader_path/Frameworks",
				);
				PRODUCT_BUNDLE_IDENTIFIER = "--.ShvaasUITests";
				PRODUCT_NAME = "$(TARGET_NAME)";
				SWIFT_VERSION = 5.0;
				TARGETED_DEVICE_FAMILY = "1,2";
				TEST_TARGET_NAME = Shvaas;
			};
			name = Debug;
		};
		E48926FB2518F03A00471ED4 /* Release */ = {
			isa = XCBuildConfiguration;
			buildSettings = {
				ALWAYS_EMBED_SWIFT_STANDARD_LIBRARIES = YES;
				CODE_SIGN_STYLE = Automatic;
				DEVELOPMENT_TEAM = M85J23QPNY;
				INFOPLIST_FILE = ShvaasUITests/Info.plist;
				LD_RUNPATH_SEARCH_PATHS = (
					"$(inherited)",
					"@executable_path/Frameworks",
					"@loader_path/Frameworks",
				);
				PRODUCT_BUNDLE_IDENTIFIER = "--.ShvaasUITests";
				PRODUCT_NAME = "$(TARGET_NAME)";
				SWIFT_VERSION = 5.0;
				TARGETED_DEVICE_FAMILY = "1,2";
				TEST_TARGET_NAME = Shvaas;
			};
			name = Release;
		};
/* End XCBuildConfiguration section */

/* Begin XCConfigurationList section */
		E48926C42518F03800471ED4 /* Build configuration list for PBXProject "Shvaas" */ = {
			isa = XCConfigurationList;
			buildConfigurations = (
				E48926F12518F03A00471ED4 /* Debug */,
				E48926F22518F03A00471ED4 /* Release */,
			);
			defaultConfigurationIsVisible = 0;
			defaultConfigurationName = Release;
		};
		E48926F32518F03A00471ED4 /* Build configuration list for PBXNativeTarget "Shvaas" */ = {
			isa = XCConfigurationList;
			buildConfigurations = (
				E48926F42518F03A00471ED4 /* Debug */,
				E48926F52518F03A00471ED4 /* Release */,
			);
			defaultConfigurationIsVisible = 0;
			defaultConfigurationName = Release;
		};
		E48926F62518F03A00471ED4 /* Build configuration list for PBXNativeTarget "ShvaasTests" */ = {
			isa = XCConfigurationList;
			buildConfigurations = (
				E48926F72518F03A00471ED4 /* Debug */,
				E48926F82518F03A00471ED4 /* Release */,
			);
			defaultConfigurationIsVisible = 0;
			defaultConfigurationName = Release;
		};
		E48926F92518F03A00471ED4 /* Build configuration list for PBXNativeTarget "ShvaasUITests" */ = {
			isa = XCConfigurationList;
			buildConfigurations = (
				E48926FA2518F03A00471ED4 /* Debug */,
				E48926FB2518F03A00471ED4 /* Release */,
			);
			defaultConfigurationIsVisible = 0;
			defaultConfigurationName = Release;
		};
/* End XCConfigurationList section */
	};
	rootObject = E48926C12518F03800471ED4 /* Project object */;
}
